// !$*UTF8*$!
{
	archiveVersion = 1;
	classes = {
	};
	objectVersion = 56;
	objects = {

/* Begin PBXBuildFile section */
		172B262B2B7BD718007358C3 /* CryptoViewModel.swift in Sources */ = {isa = PBXBuildFile; fileRef = 172B262A2B7BD718007358C3 /* CryptoViewModel.swift */; };
		176A2B382B7AD354008A5ECD /* CryptoLiveActivityApp.swift in Sources */ = {isa = PBXBuildFile; fileRef = 176A2B372B7AD354008A5ECD /* CryptoLiveActivityApp.swift */; };
		176A2B3A2B7AD354008A5ECD /* ContentView.swift in Sources */ = {isa = PBXBuildFile; fileRef = 176A2B392B7AD354008A5ECD /* ContentView.swift */; };
		176A2B3C2B7AD356008A5ECD /* Assets.xcassets in Resources */ = {isa = PBXBuildFile; fileRef = 176A2B3B2B7AD356008A5ECD /* Assets.xcassets */; };
		176A2B3F2B7AD356008A5ECD /* Preview Assets.xcassets in Resources */ = {isa = PBXBuildFile; fileRef = 176A2B3E2B7AD356008A5ECD /* Preview Assets.xcassets */; };
		176A2B492B7AD356008A5ECD /* CryptoLiveActivityTests.swift in Sources */ = {isa = PBXBuildFile; fileRef = 176A2B482B7AD356008A5ECD /* CryptoLiveActivityTests.swift */; };
		176A2B532B7AD356008A5ECD /* CryptoLiveActivityUITests.swift in Sources */ = {isa = PBXBuildFile; fileRef = 176A2B522B7AD356008A5ECD /* CryptoLiveActivityUITests.swift */; };
		176A2B552B7AD356008A5ECD /* CryptoLiveActivityUITestsLaunchTests.swift in Sources */ = {isa = PBXBuildFile; fileRef = 176A2B542B7AD356008A5ECD /* CryptoLiveActivityUITestsLaunchTests.swift */; };
		176A2B682B7AD441008A5ECD /* WidgetKit.framework in Frameworks */ = {isa = PBXBuildFile; fileRef = 176A2B672B7AD441008A5ECD /* WidgetKit.framework */; };
		176A2B6A2B7AD441008A5ECD /* SwiftUI.framework in Frameworks */ = {isa = PBXBuildFile; fileRef = 176A2B692B7AD441008A5ECD /* SwiftUI.framework */; };
		176A2B6D2B7AD441008A5ECD /* CryptoLiveActivityWidgetBundle.swift in Sources */ = {isa = PBXBuildFile; fileRef = 176A2B6C2B7AD441008A5ECD /* CryptoLiveActivityWidgetBundle.swift */; };
		176A2B6F2B7AD441008A5ECD /* CryptoLiveActivityWidgetLiveActivity.swift in Sources */ = {isa = PBXBuildFile; fileRef = 176A2B6E2B7AD441008A5ECD /* CryptoLiveActivityWidgetLiveActivity.swift */; };
		176A2B732B7AD441008A5ECD /* AppIntent.swift in Sources */ = {isa = PBXBuildFile; fileRef = 176A2B722B7AD441008A5ECD /* AppIntent.swift */; };
		176A2B752B7AD443008A5ECD /* Assets.xcassets in Resources */ = {isa = PBXBuildFile; fileRef = 176A2B742B7AD443008A5ECD /* Assets.xcassets */; };
		176A2B792B7AD443008A5ECD /* CryptoLiveActivityWidgetExtension.appex in Embed Foundation Extensions */ = {isa = PBXBuildFile; fileRef = 176A2B652B7AD441008A5ECD /* CryptoLiveActivityWidgetExtension.appex */; settings = {ATTRIBUTES = (RemoveHeadersOnCopy, ); }; };
		176A2B812B7AD846008A5ECD /* CryptoCellView.swift in Sources */ = {isa = PBXBuildFile; fileRef = 176A2B802B7AD846008A5ECD /* CryptoCellView.swift */; };
		179738FC2B7BCD7500D38536 /* CryptoModel.swift in Sources */ = {isa = PBXBuildFile; fileRef = 179738FB2B7BCD7500D38536 /* CryptoModel.swift */; };
		179738FE2B7BD0B700D38536 /* CryptoModelPreview.swift in Sources */ = {isa = PBXBuildFile; fileRef = 179738FD2B7BD0B700D38536 /* CryptoModelPreview.swift */; };
/* End PBXBuildFile section */

/* Begin PBXContainerItemProxy section */
		176A2B452B7AD356008A5ECD /* PBXContainerItemProxy */ = {
			isa = PBXContainerItemProxy;
			containerPortal = 176A2B2C2B7AD354008A5ECD /* Project object */;
			proxyType = 1;
			remoteGlobalIDString = 176A2B332B7AD354008A5ECD;
			remoteInfo = CryptoLiveActivity;
		};
		176A2B4F2B7AD356008A5ECD /* PBXContainerItemProxy */ = {
			isa = PBXContainerItemProxy;
			containerPortal = 176A2B2C2B7AD354008A5ECD /* Project object */;
			proxyType = 1;
			remoteGlobalIDString = 176A2B332B7AD354008A5ECD;
			remoteInfo = CryptoLiveActivity;
		};
		176A2B772B7AD443008A5ECD /* PBXContainerItemProxy */ = {
			isa = PBXContainerItemProxy;
			containerPortal = 176A2B2C2B7AD354008A5ECD /* Project object */;
			proxyType = 1;
			remoteGlobalIDString = 176A2B642B7AD441008A5ECD;
			remoteInfo = CryptoLiveActivityWidgetExtension;
		};
/* End PBXContainerItemProxy section */

/* Begin PBXCopyFilesBuildPhase section */
		176A2B7D2B7AD443008A5ECD /* Embed Foundation Extensions */ = {
			isa = PBXCopyFilesBuildPhase;
			buildActionMask = 2147483647;
			dstPath = "";
			dstSubfolderSpec = 13;
			files = (
				176A2B792B7AD443008A5ECD /* CryptoLiveActivityWidgetExtension.appex in Embed Foundation Extensions */,
			);
			name = "Embed Foundation Extensions";
			runOnlyForDeploymentPostprocessing = 0;
		};
/* End PBXCopyFilesBuildPhase section */

/* Begin PBXFileReference section */
		172B262A2B7BD718007358C3 /* CryptoViewModel.swift */ = {isa = PBXFileReference; lastKnownFileType = sourcecode.swift; path = CryptoViewModel.swift; sourceTree = "<group>"; };
		176A2B342B7AD354008A5ECD /* CryptoLiveActivity.app */ = {isa = PBXFileReference; explicitFileType = wrapper.application; includeInIndex = 0; path = CryptoLiveActivity.app; sourceTree = BUILT_PRODUCTS_DIR; };
		176A2B372B7AD354008A5ECD /* CryptoLiveActivityApp.swift */ = {isa = PBXFileReference; lastKnownFileType = sourcecode.swift; path = CryptoLiveActivityApp.swift; sourceTree = "<group>"; };
		176A2B392B7AD354008A5ECD /* ContentView.swift */ = {isa = PBXFileReference; lastKnownFileType = sourcecode.swift; path = ContentView.swift; sourceTree = "<group>"; };
		176A2B3B2B7AD356008A5ECD /* Assets.xcassets */ = {isa = PBXFileReference; lastKnownFileType = folder.assetcatalog; path = Assets.xcassets; sourceTree = "<group>"; };
		176A2B3E2B7AD356008A5ECD /* Preview Assets.xcassets */ = {isa = PBXFileReference; lastKnownFileType = folder.assetcatalog; path = "Preview Assets.xcassets"; sourceTree = "<group>"; };
		176A2B442B7AD356008A5ECD /* CryptoLiveActivityTests.xctest */ = {isa = PBXFileReference; explicitFileType = wrapper.cfbundle; includeInIndex = 0; path = CryptoLiveActivityTests.xctest; sourceTree = BUILT_PRODUCTS_DIR; };
		176A2B482B7AD356008A5ECD /* CryptoLiveActivityTests.swift */ = {isa = PBXFileReference; lastKnownFileType = sourcecode.swift; path = CryptoLiveActivityTests.swift; sourceTree = "<group>"; };
		176A2B4E2B7AD356008A5ECD /* CryptoLiveActivityUITests.xctest */ = {isa = PBXFileReference; explicitFileType = wrapper.cfbundle; includeInIndex = 0; path = CryptoLiveActivityUITests.xctest; sourceTree = BUILT_PRODUCTS_DIR; };
		176A2B522B7AD356008A5ECD /* CryptoLiveActivityUITests.swift */ = {isa = PBXFileReference; lastKnownFileType = sourcecode.swift; path = CryptoLiveActivityUITests.swift; sourceTree = "<group>"; };
		176A2B542B7AD356008A5ECD /* CryptoLiveActivityUITestsLaunchTests.swift */ = {isa = PBXFileReference; lastKnownFileType = sourcecode.swift; path = CryptoLiveActivityUITestsLaunchTests.swift; sourceTree = "<group>"; };
		176A2B652B7AD441008A5ECD /* CryptoLiveActivityWidgetExtension.appex */ = {isa = PBXFileReference; explicitFileType = "wrapper.app-extension"; includeInIndex = 0; path = CryptoLiveActivityWidgetExtension.appex; sourceTree = BUILT_PRODUCTS_DIR; };
		176A2B672B7AD441008A5ECD /* WidgetKit.framework */ = {isa = PBXFileReference; lastKnownFileType = wrapper.framework; name = WidgetKit.framework; path = System/Library/Frameworks/WidgetKit.framework; sourceTree = SDKROOT; };
		176A2B692B7AD441008A5ECD /* SwiftUI.framework */ = {isa = PBXFileReference; lastKnownFileType = wrapper.framework; name = SwiftUI.framework; path = System/Library/Frameworks/SwiftUI.framework; sourceTree = SDKROOT; };
		176A2B6C2B7AD441008A5ECD /* CryptoLiveActivityWidgetBundle.swift */ = {isa = PBXFileReference; lastKnownFileType = sourcecode.swift; path = CryptoLiveActivityWidgetBundle.swift; sourceTree = "<group>"; };
		176A2B6E2B7AD441008A5ECD /* CryptoLiveActivityWidgetLiveActivity.swift */ = {isa = PBXFileReference; lastKnownFileType = sourcecode.swift; path = CryptoLiveActivityWidgetLiveActivity.swift; sourceTree = "<group>"; };
		176A2B722B7AD441008A5ECD /* AppIntent.swift */ = {isa = PBXFileReference; lastKnownFileType = sourcecode.swift; path = AppIntent.swift; sourceTree = "<group>"; };
		176A2B742B7AD443008A5ECD /* Assets.xcassets */ = {isa = PBXFileReference; lastKnownFileType = folder.assetcatalog; path = Assets.xcassets; sourceTree = "<group>"; };
		176A2B762B7AD443008A5ECD /* Info.plist */ = {isa = PBXFileReference; lastKnownFileType = text.plist.xml; path = Info.plist; sourceTree = "<group>"; };
		176A2B802B7AD846008A5ECD /* CryptoCellView.swift */ = {isa = PBXFileReference; lastKnownFileType = sourcecode.swift; path = CryptoCellView.swift; sourceTree = "<group>"; };
		179738FB2B7BCD7500D38536 /* CryptoModel.swift */ = {isa = PBXFileReference; lastKnownFileType = sourcecode.swift; path = CryptoModel.swift; sourceTree = "<group>"; };
		179738FD2B7BD0B700D38536 /* CryptoModelPreview.swift */ = {isa = PBXFileReference; lastKnownFileType = sourcecode.swift; path = CryptoModelPreview.swift; sourceTree = "<group>"; };
/* End PBXFileReference section */

/* Begin PBXFrameworksBuildPhase section */
		176A2B312B7AD354008A5ECD /* Frameworks */ = {
			isa = PBXFrameworksBuildPhase;
			buildActionMask = 2147483647;
			files = (
			);
			runOnlyForDeploymentPostprocessing = 0;
		};
		176A2B412B7AD356008A5ECD /* Frameworks */ = {
			isa = PBXFrameworksBuildPhase;
			buildActionMask = 2147483647;
			files = (
			);
			runOnlyForDeploymentPostprocessing = 0;
		};
		176A2B4B2B7AD356008A5ECD /* Frameworks */ = {
			isa = PBXFrameworksBuildPhase;
			buildActionMask = 2147483647;
			files = (
			);
			runOnlyForDeploymentPostprocessing = 0;
		};
		176A2B622B7AD441008A5ECD /* Frameworks */ = {
			isa = PBXFrameworksBuildPhase;
			buildActionMask = 2147483647;
			files = (
				176A2B6A2B7AD441008A5ECD /* SwiftUI.framework in Frameworks */,
				176A2B682B7AD441008A5ECD /* WidgetKit.framework in Frameworks */,
			);
			runOnlyForDeploymentPostprocessing = 0;
		};
/* End PBXFrameworksBuildPhase section */

/* Begin PBXGroup section */
		172B26292B7BD705007358C3 /* ViewModels */ = {
			isa = PBXGroup;
			children = (
				172B262A2B7BD718007358C3 /* CryptoViewModel.swift */,
			);
			path = ViewModels;
			sourceTree = "<group>";
		};
		176A2B2B2B7AD354008A5ECD = {
			isa = PBXGroup;
			children = (
				176A2B362B7AD354008A5ECD /* CryptoLiveActivity */,
				176A2B472B7AD356008A5ECD /* CryptoLiveActivityTests */,
				176A2B512B7AD356008A5ECD /* CryptoLiveActivityUITests */,
				176A2B6B2B7AD441008A5ECD /* CryptoLiveActivityWidget */,
				176A2B662B7AD441008A5ECD /* Frameworks */,
				176A2B352B7AD354008A5ECD /* Products */,
			);
			sourceTree = "<group>";
		};
		176A2B352B7AD354008A5ECD /* Products */ = {
			isa = PBXGroup;
			children = (
				176A2B342B7AD354008A5ECD /* CryptoLiveActivity.app */,
				176A2B442B7AD356008A5ECD /* CryptoLiveActivityTests.xctest */,
				176A2B4E2B7AD356008A5ECD /* CryptoLiveActivityUITests.xctest */,
				176A2B652B7AD441008A5ECD /* CryptoLiveActivityWidgetExtension.appex */,
			);
			name = Products;
			sourceTree = "<group>";
		};
		176A2B362B7AD354008A5ECD /* CryptoLiveActivity */ = {
			isa = PBXGroup;
			children = (
				176A2B372B7AD354008A5ECD /* CryptoLiveActivityApp.swift */,
				176A2B392B7AD354008A5ECD /* ContentView.swift */,
				172B26292B7BD705007358C3 /* ViewModels */,
				179738FA2B7BCC9A00D38536 /* Models */,
				176A2B7F2B7AD7EB008A5ECD /* Views */,
				176A2B7E2B7AD7D5008A5ECD /* Resources */,
				176A2B3D2B7AD356008A5ECD /* Preview Content */,
			);
			path = CryptoLiveActivity;
			sourceTree = "<group>";
		};
		176A2B3D2B7AD356008A5ECD /* Preview Content */ = {
			isa = PBXGroup;
			children = (
				176A2B3E2B7AD356008A5ECD /* Preview Assets.xcassets */,
				179738FD2B7BD0B700D38536 /* CryptoModelPreview.swift */,
			);
			path = "Preview Content";
			sourceTree = "<group>";
		};
		176A2B472B7AD356008A5ECD /* CryptoLiveActivityTests */ = {
			isa = PBXGroup;
			children = (
				176A2B482B7AD356008A5ECD /* CryptoLiveActivityTests.swift */,
			);
			path = CryptoLiveActivityTests;
			sourceTree = "<group>";
		};
		176A2B512B7AD356008A5ECD /* CryptoLiveActivityUITests */ = {
			isa = PBXGroup;
			children = (
				176A2B522B7AD356008A5ECD /* CryptoLiveActivityUITests.swift */,
				176A2B542B7AD356008A5ECD /* CryptoLiveActivityUITestsLaunchTests.swift */,
			);
			path = CryptoLiveActivityUITests;
			sourceTree = "<group>";
		};
		176A2B662B7AD441008A5ECD /* Frameworks */ = {
			isa = PBXGroup;
			children = (
				176A2B672B7AD441008A5ECD /* WidgetKit.framework */,
				176A2B692B7AD441008A5ECD /* SwiftUI.framework */,
			);
			name = Frameworks;
			sourceTree = "<group>";
		};
		176A2B6B2B7AD441008A5ECD /* CryptoLiveActivityWidget */ = {
			isa = PBXGroup;
			children = (
				176A2B6C2B7AD441008A5ECD /* CryptoLiveActivityWidgetBundle.swift */,
				176A2B6E2B7AD441008A5ECD /* CryptoLiveActivityWidgetLiveActivity.swift */,
				176A2B722B7AD441008A5ECD /* AppIntent.swift */,
				176A2B742B7AD443008A5ECD /* Assets.xcassets */,
				176A2B762B7AD443008A5ECD /* Info.plist */,
			);
			path = CryptoLiveActivityWidget;
			sourceTree = "<group>";
		};
		176A2B7E2B7AD7D5008A5ECD /* Resources */ = {
			isa = PBXGroup;
			children = (
				176A2B3B2B7AD356008A5ECD /* Assets.xcassets */,
			);
			path = Resources;
			sourceTree = "<group>";
		};
		176A2B7F2B7AD7EB008A5ECD /* Views */ = {
			isa = PBXGroup;
			children = (
				176A2B802B7AD846008A5ECD /* CryptoCellView.swift */,
			);
			path = Views;
			sourceTree = "<group>";
		};
		179738FA2B7BCC9A00D38536 /* Models */ = {
			isa = PBXGroup;
			children = (
				179738FB2B7BCD7500D38536 /* CryptoModel.swift */,
			);
			path = Models;
			sourceTree = "<group>";
		};
/* End PBXGroup section */

/* Begin PBXNativeTarget section */
		176A2B332B7AD354008A5ECD /* CryptoLiveActivity */ = {
			isa = PBXNativeTarget;
			buildConfigurationList = 176A2B582B7AD356008A5ECD /* Build configuration list for PBXNativeTarget "CryptoLiveActivity" */;
			buildPhases = (
				176A2B302B7AD354008A5ECD /* Sources */,
				176A2B312B7AD354008A5ECD /* Frameworks */,
				176A2B322B7AD354008A5ECD /* Resources */,
				176A2B7D2B7AD443008A5ECD /* Embed Foundation Extensions */,
			);
			buildRules = (
			);
			dependencies = (
				176A2B782B7AD443008A5ECD /* PBXTargetDependency */,
			);
			name = CryptoLiveActivity;
			productName = CryptoLiveActivity;
			productReference = 176A2B342B7AD354008A5ECD /* CryptoLiveActivity.app */;
			productType = "com.apple.product-type.application";
		};
		176A2B432B7AD356008A5ECD /* CryptoLiveActivityTests */ = {
			isa = PBXNativeTarget;
			buildConfigurationList = 176A2B5B2B7AD356008A5ECD /* Build configuration list for PBXNativeTarget "CryptoLiveActivityTests" */;
			buildPhases = (
				176A2B402B7AD356008A5ECD /* Sources */,
				176A2B412B7AD356008A5ECD /* Frameworks */,
				176A2B422B7AD356008A5ECD /* Resources */,
			);
			buildRules = (
			);
			dependencies = (
				176A2B462B7AD356008A5ECD /* PBXTargetDependency */,
			);
			name = CryptoLiveActivityTests;
			productName = CryptoLiveActivityTests;
			productReference = 176A2B442B7AD356008A5ECD /* CryptoLiveActivityTests.xctest */;
			productType = "com.apple.product-type.bundle.unit-test";
		};
		176A2B4D2B7AD356008A5ECD /* CryptoLiveActivityUITests */ = {
			isa = PBXNativeTarget;
			buildConfigurationList = 176A2B5E2B7AD356008A5ECD /* Build configuration list for PBXNativeTarget "CryptoLiveActivityUITests" */;
			buildPhases = (
				176A2B4A2B7AD356008A5ECD /* Sources */,
				176A2B4B2B7AD356008A5ECD /* Frameworks */,
				176A2B4C2B7AD356008A5ECD /* Resources */,
			);
			buildRules = (
			);
			dependencies = (
				176A2B502B7AD356008A5ECD /* PBXTargetDependency */,
			);
			name = CryptoLiveActivityUITests;
			productName = CryptoLiveActivityUITests;
			productReference = 176A2B4E2B7AD356008A5ECD /* CryptoLiveActivityUITests.xctest */;
			productType = "com.apple.product-type.bundle.ui-testing";
		};
		176A2B642B7AD441008A5ECD /* CryptoLiveActivityWidgetExtension */ = {
			isa = PBXNativeTarget;
			buildConfigurationList = 176A2B7A2B7AD443008A5ECD /* Build configuration list for PBXNativeTarget "CryptoLiveActivityWidgetExtension" */;
			buildPhases = (
				176A2B612B7AD441008A5ECD /* Sources */,
				176A2B622B7AD441008A5ECD /* Frameworks */,
				176A2B632B7AD441008A5ECD /* Resources */,
			);
			buildRules = (
			);
			dependencies = (
			);
			name = CryptoLiveActivityWidgetExtension;
			productName = CryptoLiveActivityWidgetExtension;
			productReference = 176A2B652B7AD441008A5ECD /* CryptoLiveActivityWidgetExtension.appex */;
			productType = "com.apple.product-type.app-extension";
		};
/* End PBXNativeTarget section */

/* Begin PBXProject section */
		176A2B2C2B7AD354008A5ECD /* Project object */ = {
			isa = PBXProject;
			attributes = {
				BuildIndependentTargetsInParallel = 1;
				LastSwiftUpdateCheck = 1520;
				LastUpgradeCheck = 1520;
				TargetAttributes = {
					176A2B332B7AD354008A5ECD = {
						CreatedOnToolsVersion = 15.2;
					};
					176A2B432B7AD356008A5ECD = {
						CreatedOnToolsVersion = 15.2;
						TestTargetID = 176A2B332B7AD354008A5ECD;
					};
					176A2B4D2B7AD356008A5ECD = {
						CreatedOnToolsVersion = 15.2;
						TestTargetID = 176A2B332B7AD354008A5ECD;
					};
					176A2B642B7AD441008A5ECD = {
						CreatedOnToolsVersion = 15.2;
					};
				};
			};
			buildConfigurationList = 176A2B2F2B7AD354008A5ECD /* Build configuration list for PBXProject "CryptoLiveActivity" */;
			compatibilityVersion = "Xcode 14.0";
			developmentRegion = en;
			hasScannedForEncodings = 0;
			knownRegions = (
				en,
				Base,
			);
			mainGroup = 176A2B2B2B7AD354008A5ECD;
			productRefGroup = 176A2B352B7AD354008A5ECD /* Products */;
			projectDirPath = "";
			projectRoot = "";
			targets = (
				176A2B332B7AD354008A5ECD /* CryptoLiveActivity */,
				176A2B432B7AD356008A5ECD /* CryptoLiveActivityTests */,
				176A2B4D2B7AD356008A5ECD /* CryptoLiveActivityUITests */,
				176A2B642B7AD441008A5ECD /* CryptoLiveActivityWidgetExtension */,
			);
		};
/* End PBXProject section */

/* Begin PBXResourcesBuildPhase section */
		176A2B322B7AD354008A5ECD /* Resources */ = {
			isa = PBXResourcesBuildPhase;
			buildActionMask = 2147483647;
			files = (
				176A2B3F2B7AD356008A5ECD /* Preview Assets.xcassets in Resources */,
				176A2B3C2B7AD356008A5ECD /* Assets.xcassets in Resources */,
			);
			runOnlyForDeploymentPostprocessing = 0;
		};
		176A2B422B7AD356008A5ECD /* Resources */ = {
			isa = PBXResourcesBuildPhase;
			buildActionMask = 2147483647;
			files = (
			);
			runOnlyForDeploymentPostprocessing = 0;
		};
		176A2B4C2B7AD356008A5ECD /* Resources */ = {
			isa = PBXResourcesBuildPhase;
			buildActionMask = 2147483647;
			files = (
			);
			runOnlyForDeploymentPostprocessing = 0;
		};
		176A2B632B7AD441008A5ECD /* Resources */ = {
			isa = PBXResourcesBuildPhase;
			buildActionMask = 2147483647;
			files = (
				176A2B752B7AD443008A5ECD /* Assets.xcassets in Resources */,
			);
			runOnlyForDeploymentPostprocessing = 0;
		};
/* End PBXResourcesBuildPhase section */

/* Begin PBXSourcesBuildPhase section */
		176A2B302B7AD354008A5ECD /* Sources */ = {
			isa = PBXSourcesBuildPhase;
			buildActionMask = 2147483647;
			files = (
				176A2B3A2B7AD354008A5ECD /* ContentView.swift in Sources */,
				176A2B382B7AD354008A5ECD /* CryptoLiveActivityApp.swift in Sources */,
				179738FC2B7BCD7500D38536 /* CryptoModel.swift in Sources */,
				179738FE2B7BD0B700D38536 /* CryptoModelPreview.swift in Sources */,
				176A2B812B7AD846008A5ECD /* CryptoCellView.swift in Sources */,
				172B262B2B7BD718007358C3 /* CryptoViewModel.swift in Sources */,
			);
			runOnlyForDeploymentPostprocessing = 0;
		};
		176A2B402B7AD356008A5ECD /* Sources */ = {
			isa = PBXSourcesBuildPhase;
			buildActionMask = 2147483647;
			files = (
				176A2B492B7AD356008A5ECD /* CryptoLiveActivityTests.swift in Sources */,
			);
			runOnlyForDeploymentPostprocessing = 0;
		};
		176A2B4A2B7AD356008A5ECD /* Sources */ = {
			isa = PBXSourcesBuildPhase;
			buildActionMask = 2147483647;
			files = (
				176A2B552B7AD356008A5ECD /* CryptoLiveActivityUITestsLaunchTests.swift in Sources */,
				176A2B532B7AD356008A5ECD /* CryptoLiveActivityUITests.swift in Sources */,
			);
			runOnlyForDeploymentPostprocessing = 0;
		};
		176A2B612B7AD441008A5ECD /* Sources */ = {
			isa = PBXSourcesBuildPhase;
			buildActionMask = 2147483647;
			files = (
				176A2B6F2B7AD441008A5ECD /* CryptoLiveActivityWidgetLiveActivity.swift in Sources */,
				176A2B732B7AD441008A5ECD /* AppIntent.swift in Sources */,
				176A2B6D2B7AD441008A5ECD /* CryptoLiveActivityWidgetBundle.swift in Sources */,
			);
			runOnlyForDeploymentPostprocessing = 0;
		};
/* End PBXSourcesBuildPhase section */

/* Begin PBXTargetDependency section */
		176A2B462B7AD356008A5ECD /* PBXTargetDependency */ = {
			isa = PBXTargetDependency;
			target = 176A2B332B7AD354008A5ECD /* CryptoLiveActivity */;
			targetProxy = 176A2B452B7AD356008A5ECD /* PBXContainerItemProxy */;
		};
		176A2B502B7AD356008A5ECD /* PBXTargetDependency */ = {
			isa = PBXTargetDependency;
			target = 176A2B332B7AD354008A5ECD /* CryptoLiveActivity */;
			targetProxy = 176A2B4F2B7AD356008A5ECD /* PBXContainerItemProxy */;
		};
		176A2B782B7AD443008A5ECD /* PBXTargetDependency */ = {
			isa = PBXTargetDependency;
			target = 176A2B642B7AD441008A5ECD /* CryptoLiveActivityWidgetExtension */;
			targetProxy = 176A2B772B7AD443008A5ECD /* PBXContainerItemProxy */;
		};
/* End PBXTargetDependency section */

/* Begin XCBuildConfiguration section */
		176A2B562B7AD356008A5ECD /* Debug */ = {
			isa = XCBuildConfiguration;
			buildSettings = {
				ALWAYS_SEARCH_USER_PATHS = NO;
				ASSETCATALOG_COMPILER_GENERATE_SWIFT_ASSET_SYMBOL_EXTENSIONS = YES;
				CLANG_ANALYZER_NONNULL = YES;
				CLANG_ANALYZER_NUMBER_OBJECT_CONVERSION = YES_AGGRESSIVE;
				CLANG_CXX_LANGUAGE_STANDARD = "gnu++20";
				CLANG_ENABLE_MODULES = YES;
				CLANG_ENABLE_OBJC_ARC = YES;
				CLANG_ENABLE_OBJC_WEAK = YES;
				CLANG_WARN_BLOCK_CAPTURE_AUTORELEASING = YES;
				CLANG_WARN_BOOL_CONVERSION = YES;
				CLANG_WARN_COMMA = YES;
				CLANG_WARN_CONSTANT_CONVERSION = YES;
				CLANG_WARN_DEPRECATED_OBJC_IMPLEMENTATIONS = YES;
				CLANG_WARN_DIRECT_OBJC_ISA_USAGE = YES_ERROR;
				CLANG_WARN_DOCUMENTATION_COMMENTS = YES;
				CLANG_WARN_EMPTY_BODY = YES;
				CLANG_WARN_ENUM_CONVERSION = YES;
				CLANG_WARN_INFINITE_RECURSION = YES;
				CLANG_WARN_INT_CONVERSION = YES;
				CLANG_WARN_NON_LITERAL_NULL_CONVERSION = YES;
				CLANG_WARN_OBJC_IMPLICIT_RETAIN_SELF = YES;
				CLANG_WARN_OBJC_LITERAL_CONVERSION = YES;
				CLANG_WARN_OBJC_ROOT_CLASS = YES_ERROR;
				CLANG_WARN_QUOTED_INCLUDE_IN_FRAMEWORK_HEADER = YES;
				CLANG_WARN_RANGE_LOOP_ANALYSIS = YES;
				CLANG_WARN_STRICT_PROTOTYPES = YES;
				CLANG_WARN_SUSPICIOUS_MOVE = YES;
				CLANG_WARN_UNGUARDED_AVAILABILITY = YES_AGGRESSIVE;
				CLANG_WARN_UNREACHABLE_CODE = YES;
				CLANG_WARN__DUPLICATE_METHOD_MATCH = YES;
				COPY_PHASE_STRIP = NO;
				DEBUG_INFORMATION_FORMAT = dwarf;
				ENABLE_STRICT_OBJC_MSGSEND = YES;
				ENABLE_TESTABILITY = YES;
				ENABLE_USER_SCRIPT_SANDBOXING = YES;
				GCC_C_LANGUAGE_STANDARD = gnu17;
				GCC_DYNAMIC_NO_PIC = NO;
				GCC_NO_COMMON_BLOCKS = YES;
				GCC_OPTIMIZATION_LEVEL = 0;
				GCC_PREPROCESSOR_DEFINITIONS = (
					"DEBUG=1",
					"$(inherited)",
				);
				GCC_WARN_64_TO_32_BIT_CONVERSION = YES;
				GCC_WARN_ABOUT_RETURN_TYPE = YES_ERROR;
				GCC_WARN_UNDECLARED_SELECTOR = YES;
				GCC_WARN_UNINITIALIZED_AUTOS = YES_AGGRESSIVE;
				GCC_WARN_UNUSED_FUNCTION = YES;
				GCC_WARN_UNUSED_VARIABLE = YES;
				IPHONEOS_DEPLOYMENT_TARGET = 17.2;
				LOCALIZATION_PREFERS_STRING_CATALOGS = YES;
				MTL_ENABLE_DEBUG_INFO = INCLUDE_SOURCE;
				MTL_FAST_MATH = YES;
				ONLY_ACTIVE_ARCH = YES;
				SDKROOT = iphoneos;
				SWIFT_ACTIVE_COMPILATION_CONDITIONS = "DEBUG $(inherited)";
				SWIFT_OPTIMIZATION_LEVEL = "-Onone";
			};
			name = Debug;
		};
		176A2B572B7AD356008A5ECD /* Release */ = {
			isa = XCBuildConfiguration;
			buildSettings = {
				ALWAYS_SEARCH_USER_PATHS = NO;
				ASSETCATALOG_COMPILER_GENERATE_SWIFT_ASSET_SYMBOL_EXTENSIONS = YES;
				CLANG_ANALYZER_NONNULL = YES;
				CLANG_ANALYZER_NUMBER_OBJECT_CONVERSION = YES_AGGRESSIVE;
				CLANG_CXX_LANGUAGE_STANDARD = "gnu++20";
				CLANG_ENABLE_MODULES = YES;
				CLANG_ENABLE_OBJC_ARC = YES;
				CLANG_ENABLE_OBJC_WEAK = YES;
				CLANG_WARN_BLOCK_CAPTURE_AUTORELEASING = YES;
				CLANG_WARN_BOOL_CONVERSION = YES;
				CLANG_WARN_COMMA = YES;
				CLANG_WARN_CONSTANT_CONVERSION = YES;
				CLANG_WARN_DEPRECATED_OBJC_IMPLEMENTATIONS = YES;
				CLANG_WARN_DIRECT_OBJC_ISA_USAGE = YES_ERROR;
				CLANG_WARN_DOCUMENTATION_COMMENTS = YES;
				CLANG_WARN_EMPTY_BODY = YES;
				CLANG_WARN_ENUM_CONVERSION = YES;
				CLANG_WARN_INFINITE_RECURSION = YES;
				CLANG_WARN_INT_CONVERSION = YES;
				CLANG_WARN_NON_LITERAL_NULL_CONVERSION = YES;
				CLANG_WARN_OBJC_IMPLICIT_RETAIN_SELF = YES;
				CLANG_WARN_OBJC_LITERAL_CONVERSION = YES;
				CLANG_WARN_OBJC_ROOT_CLASS = YES_ERROR;
				CLANG_WARN_QUOTED_INCLUDE_IN_FRAMEWORK_HEADER = YES;
				CLANG_WARN_RANGE_LOOP_ANALYSIS = YES;
				CLANG_WARN_STRICT_PROTOTYPES = YES;
				CLANG_WARN_SUSPICIOUS_MOVE = YES;
				CLANG_WARN_UNGUARDED_AVAILABILITY = YES_AGGRESSIVE;
				CLANG_WARN_UNREACHABLE_CODE = YES;
				CLANG_WARN__DUPLICATE_METHOD_MATCH = YES;
				COPY_PHASE_STRIP = NO;
				DEBUG_INFORMATION_FORMAT = "dwarf-with-dsym";
				ENABLE_NS_ASSERTIONS = NO;
				ENABLE_STRICT_OBJC_MSGSEND = YES;
				ENABLE_USER_SCRIPT_SANDBOXING = YES;
				GCC_C_LANGUAGE_STANDARD = gnu17;
				GCC_NO_COMMON_BLOCKS = YES;
				GCC_WARN_64_TO_32_BIT_CONVERSION = YES;
				GCC_WARN_ABOUT_RETURN_TYPE = YES_ERROR;
				GCC_WARN_UNDECLARED_SELECTOR = YES;
				GCC_WARN_UNINITIALIZED_AUTOS = YES_AGGRESSIVE;
				GCC_WARN_UNUSED_FUNCTION = YES;
				GCC_WARN_UNUSED_VARIABLE = YES;
				IPHONEOS_DEPLOYMENT_TARGET = 17.2;
				LOCALIZATION_PREFERS_STRING_CATALOGS = YES;
				MTL_ENABLE_DEBUG_INFO = NO;
				MTL_FAST_MATH = YES;
				SDKROOT = iphoneos;
				SWIFT_COMPILATION_MODE = wholemodule;
				VALIDATE_PRODUCT = YES;
			};
			name = Release;
		};
		176A2B592B7AD356008A5ECD /* Debug */ = {
			isa = XCBuildConfiguration;
			buildSettings = {
				ALWAYS_EMBED_SWIFT_STANDARD_LIBRARIES = YES;
				ASSETCATALOG_COMPILER_APPICON_NAME = AppIcon;
				ASSETCATALOG_COMPILER_GLOBAL_ACCENT_COLOR_NAME = AccentColor;
				CODE_SIGN_STYLE = Automatic;
				CURRENT_PROJECT_VERSION = 1;
				DEVELOPMENT_ASSET_PATHS = "\"CryptoLiveActivity/Preview Content\"";
				DEVELOPMENT_TEAM = CFGHT54P44;
				ENABLE_PREVIEWS = YES;
				GENERATE_INFOPLIST_FILE = YES;
				INFOPLIST_KEY_UIApplicationSceneManifest_Generation = YES;
				INFOPLIST_KEY_UIApplicationSupportsIndirectInputEvents = YES;
				INFOPLIST_KEY_UILaunchScreen_Generation = YES;
				INFOPLIST_KEY_UISupportedInterfaceOrientations_iPad = "UIInterfaceOrientationPortrait UIInterfaceOrientationPortraitUpsideDown UIInterfaceOrientationLandscapeLeft UIInterfaceOrientationLandscapeRight";
				INFOPLIST_KEY_UISupportedInterfaceOrientations_iPhone = "UIInterfaceOrientationPortrait UIInterfaceOrientationLandscapeLeft UIInterfaceOrientationLandscapeRight";
				LD_RUNPATH_SEARCH_PATHS = (
					"$(inherited)",
					"@executable_path/Frameworks",
				);
				MARKETING_VERSION = 1.0;
				PRODUCT_BUNDLE_IDENTIFIER = com.josetorronteras.CryptoLiveActivity;
				PRODUCT_NAME = "$(TARGET_NAME)";
				SWIFT_EMIT_LOC_STRINGS = YES;
				SWIFT_VERSION = 5.0;
				TARGETED_DEVICE_FAMILY = "1,2";
			};
			name = Debug;
		};
		176A2B5A2B7AD356008A5ECD /* Release */ = {
			isa = XCBuildConfiguration;
			buildSettings = {
				ALWAYS_EMBED_SWIFT_STANDARD_LIBRARIES = YES;
				ASSETCATALOG_COMPILER_APPICON_NAME = AppIcon;
				ASSETCATALOG_COMPILER_GLOBAL_ACCENT_COLOR_NAME = AccentColor;
				CODE_SIGN_STYLE = Automatic;
				CURRENT_PROJECT_VERSION = 1;
				DEVELOPMENT_ASSET_PATHS = "\"CryptoLiveActivity/Preview Content\"";
				DEVELOPMENT_TEAM = CFGHT54P44;
				ENABLE_PREVIEWS = YES;
				GENERATE_INFOPLIST_FILE = YES;
				INFOPLIST_KEY_UIApplicationSceneManifest_Generation = YES;
				INFOPLIST_KEY_UIApplicationSupportsIndirectInputEvents = YES;
				INFOPLIST_KEY_UILaunchScreen_Generation = YES;
				INFOPLIST_KEY_UISupportedInterfaceOrientations_iPad = "UIInterfaceOrientationPortrait UIInterfaceOrientationPortraitUpsideDown UIInterfaceOrientationLandscapeLeft UIInterfaceOrientationLandscapeRight";
				INFOPLIST_KEY_UISupportedInterfaceOrientations_iPhone = "UIInterfaceOrientationPortrait UIInterfaceOrientationLandscapeLeft UIInterfaceOrientationLandscapeRight";
				LD_RUNPATH_SEARCH_PATHS = (
					"$(inherited)",
					"@executable_path/Frameworks",
				);
				MARKETING_VERSION = 1.0;
				PRODUCT_BUNDLE_IDENTIFIER = com.josetorronteras.CryptoLiveActivity;
				PRODUCT_NAME = "$(TARGET_NAME)";
				SWIFT_EMIT_LOC_STRINGS = YES;
				SWIFT_VERSION = 5.0;
				TARGETED_DEVICE_FAMILY = "1,2";
			};
			name = Release;
		};
		176A2B5C2B7AD356008A5ECD /* Debug */ = {
			isa = XCBuildConfiguration;
			buildSettings = {
				ALWAYS_EMBED_SWIFT_STANDARD_LIBRARIES = YES;
				BUNDLE_LOADER = "$(TEST_HOST)";
				CODE_SIGN_STYLE = Automatic;
				CURRENT_PROJECT_VERSION = 1;
				DEVELOPMENT_TEAM = CFGHT54P44;
				GENERATE_INFOPLIST_FILE = YES;
				IPHONEOS_DEPLOYMENT_TARGET = 17.2;
				MARKETING_VERSION = 1.0;
				PRODUCT_BUNDLE_IDENTIFIER = com.josetorronteras.CryptoLiveActivityTests;
				PRODUCT_NAME = "$(TARGET_NAME)";
				SWIFT_EMIT_LOC_STRINGS = NO;
				SWIFT_VERSION = 5.0;
				TARGETED_DEVICE_FAMILY = "1,2";
				TEST_HOST = "$(BUILT_PRODUCTS_DIR)/CryptoLiveActivity.app/$(BUNDLE_EXECUTABLE_FOLDER_PATH)/CryptoLiveActivity";
			};
			name = Debug;
		};
		176A2B5D2B7AD356008A5ECD /* Release */ = {
			isa = XCBuildConfiguration;
			buildSettings = {
				ALWAYS_EMBED_SWIFT_STANDARD_LIBRARIES = YES;
				BUNDLE_LOADER = "$(TEST_HOST)";
				CODE_SIGN_STYLE = Automatic;
				CURRENT_PROJECT_VERSION = 1;
				DEVELOPMENT_TEAM = CFGHT54P44;
				GENERATE_INFOPLIST_FILE = YES;
				IPHONEOS_DEPLOYMENT_TARGET = 17.2;
				MARKETING_VERSION = 1.0;
				PRODUCT_BUNDLE_IDENTIFIER = com.josetorronteras.CryptoLiveActivityTests;
				PRODUCT_NAME = "$(TARGET_NAME)";
				SWIFT_EMIT_LOC_STRINGS = NO;
				SWIFT_VERSION = 5.0;
				TARGETED_DEVICE_FAMILY = "1,2";
				TEST_HOST = "$(BUILT_PRODUCTS_DIR)/CryptoLiveActivity.app/$(BUNDLE_EXECUTABLE_FOLDER_PATH)/CryptoLiveActivity";
			};
			name = Release;
		};
		176A2B5F2B7AD356008A5ECD /* Debug */ = {
			isa = XCBuildConfiguration;
			buildSettings = {
				ALWAYS_EMBED_SWIFT_STANDARD_LIBRARIES = YES;
				CODE_SIGN_STYLE = Automatic;
				CURRENT_PROJECT_VERSION = 1;
				DEVELOPMENT_TEAM = CFGHT54P44;
				GENERATE_INFOPLIST_FILE = YES;
				MARKETING_VERSION = 1.0;
				PRODUCT_BUNDLE_IDENTIFIER = com.josetorronteras.CryptoLiveActivityUITests;
				PRODUCT_NAME = "$(TARGET_NAME)";
				SWIFT_EMIT_LOC_STRINGS = NO;
				SWIFT_VERSION = 5.0;
				TARGETED_DEVICE_FAMILY = "1,2";
				TEST_TARGET_NAME = CryptoLiveActivity;
			};
			name = Debug;
		};
		176A2B602B7AD356008A5ECD /* Release */ = {
			isa = XCBuildConfiguration;
			buildSettings = {
				ALWAYS_EMBED_SWIFT_STANDARD_LIBRARIES = YES;
				CODE_SIGN_STYLE = Automatic;
				CURRENT_PROJECT_VERSION = 1;
				DEVELOPMENT_TEAM = CFGHT54P44;
				GENERATE_INFOPLIST_FILE = YES;
				MARKETING_VERSION = 1.0;
				PRODUCT_BUNDLE_IDENTIFIER = com.josetorronteras.CryptoLiveActivityUITests;
				PRODUCT_NAME = "$(TARGET_NAME)";
				SWIFT_EMIT_LOC_STRINGS = NO;
				SWIFT_VERSION = 5.0;
				TARGETED_DEVICE_FAMILY = "1,2";
				TEST_TARGET_NAME = CryptoLiveActivity;
			};
			name = Release;
		};
		176A2B7B2B7AD443008A5ECD /* Debug */ = {
			isa = XCBuildConfiguration;
			buildSettings = {
				ASSETCATALOG_COMPILER_GLOBAL_ACCENT_COLOR_NAME = AccentColor;
				ASSETCATALOG_COMPILER_WIDGET_BACKGROUND_COLOR_NAME = WidgetBackground;
				CODE_SIGN_STYLE = Automatic;
				CURRENT_PROJECT_VERSION = 1;
				DEVELOPMENT_TEAM = CFGHT54P44;
				GENERATE_INFOPLIST_FILE = YES;
				INFOPLIST_FILE = CryptoLiveActivityWidget/Info.plist;
				INFOPLIST_KEY_CFBundleDisplayName = CryptoLiveActivityWidget;
				INFOPLIST_KEY_NSHumanReadableCopyright = "";
				LD_RUNPATH_SEARCH_PATHS = (
					"$(inherited)",
					"@executable_path/Frameworks",
					"@executable_path/../../Frameworks",
				);
				MARKETING_VERSION = 1.0;
				PRODUCT_BUNDLE_IDENTIFIER = com.josetorronteras.CryptoLiveActivity.CryptoLiveActivityWidget;
				PRODUCT_NAME = "$(TARGET_NAME)";
				SKIP_INSTALL = YES;
				SWIFT_EMIT_LOC_STRINGS = YES;
				SWIFT_VERSION = 5.0;
				TARGETED_DEVICE_FAMILY = "1,2";
			};
			name = Debug;
		};
		176A2B7C2B7AD443008A5ECD /* Release */ = {
			isa = XCBuildConfiguration;
			buildSettings = {
				ASSETCATALOG_COMPILER_GLOBAL_ACCENT_COLOR_NAME = AccentColor;
				ASSETCATALOG_COMPILER_WIDGET_BACKGROUND_COLOR_NAME = WidgetBackground;
				CODE_SIGN_STYLE = Automatic;
				CURRENT_PROJECT_VERSION = 1;
				DEVELOPMENT_TEAM = CFGHT54P44;
				GENERATE_INFOPLIST_FILE = YES;
				INFOPLIST_FILE = CryptoLiveActivityWidget/Info.plist;
				INFOPLIST_KEY_CFBundleDisplayName = CryptoLiveActivityWidget;
				INFOPLIST_KEY_NSHumanReadableCopyright = "";
				LD_RUNPATH_SEARCH_PATHS = (
					"$(inherited)",
					"@executable_path/Frameworks",
					"@executable_path/../../Frameworks",
				);
				MARKETING_VERSION = 1.0;
				PRODUCT_BUNDLE_IDENTIFIER = com.josetorronteras.CryptoLiveActivity.CryptoLiveActivityWidget;
				PRODUCT_NAME = "$(TARGET_NAME)";
				SKIP_INSTALL = YES;
				SWIFT_EMIT_LOC_STRINGS = YES;
				SWIFT_VERSION = 5.0;
				TARGETED_DEVICE_FAMILY = "1,2";
			};
			name = Release;
		};
/* End XCBuildConfiguration section */

/* Begin XCConfigurationList section */
		176A2B2F2B7AD354008A5ECD /* Build configuration list for PBXProject "CryptoLiveActivity" */ = {
			isa = XCConfigurationList;
			buildConfigurations = (
				176A2B562B7AD356008A5ECD /* Debug */,
				176A2B572B7AD356008A5ECD /* Release */,
			);
			defaultConfigurationIsVisible = 0;
			defaultConfigurationName = Release;
		};
		176A2B582B7AD356008A5ECD /* Build configuration list for PBXNativeTarget "CryptoLiveActivity" */ = {
			isa = XCConfigurationList;
			buildConfigurations = (
				176A2B592B7AD356008A5ECD /* Debug */,
				176A2B5A2B7AD356008A5ECD /* Release */,
			);
			defaultConfigurationIsVisible = 0;
			defaultConfigurationName = Release;
		};
		176A2B5B2B7AD356008A5ECD /* Build configuration list for PBXNativeTarget "CryptoLiveActivityTests" */ = {
			isa = XCConfigurationList;
			buildConfigurations = (
				176A2B5C2B7AD356008A5ECD /* Debug */,
				176A2B5D2B7AD356008A5ECD /* Release */,
			);
			defaultConfigurationIsVisible = 0;
			defaultConfigurationName = Release;
		};
		176A2B5E2B7AD356008A5ECD /* Build configuration list for PBXNativeTarget "CryptoLiveActivityUITests" */ = {
			isa = XCConfigurationList;
			buildConfigurations = (
				176A2B5F2B7AD356008A5ECD /* Debug */,
				176A2B602B7AD356008A5ECD /* Release */,
			);
			defaultConfigurationIsVisible = 0;
			defaultConfigurationName = Release;
		};
		176A2B7A2B7AD443008A5ECD /* Build configuration list for PBXNativeTarget "CryptoLiveActivityWidgetExtension" */ = {
			isa = XCConfigurationList;
			buildConfigurations = (
				176A2B7B2B7AD443008A5ECD /* Debug */,
				176A2B7C2B7AD443008A5ECD /* Release */,
			);
			defaultConfigurationIsVisible = 0;
			defaultConfigurationName = Release;
		};
/* End XCConfigurationList section */
	};
	rootObject = 176A2B2C2B7AD354008A5ECD /* Project object */;
}
